
Microsoft Visual Studio Solution File, Format Version 12.00
# Visual Studio Version 17
VisualStudioVersion = 17.14.36212.18 d17.14
MinimumVisualStudioVersion = 10.0.40219.1
Project("{FAE04EC0-301F-11D3-BF4B-00C04F79EFBC}") = "LifitApp", "LifitApp.csproj", "{D76FF3F0-3977-7C04-2EFF-2CEADA4F0519}"
EndProject
Global
	GlobalSection(SolutionConfigurationPlatforms) = preSolution
		Debug|Any CPU = Debug|Any CPU
		Release|Any CPU = Release|Any CPU
	EndGlobalSection
	GlobalSection(ProjectConfigurationPlatforms) = postSolution
		{D76FF3F0-3977-7C04-2EFF-2CEADA4F0519}.Debug|Any CPU.ActiveCfg = Debug|Any CPU
		{D76FF3F0-3977-7C04-2EFF-2CEADA4F0519}.Debug|Any CPU.Build.0 = Debug|Any CPU
		{D76FF3F0-3977-7C04-2EFF-2CEADA4F0519}.Debug|Any CPU.Deploy.0 = Debug|Any CPU
		{D76FF3F0-3977-7C04-2EFF-2CEADA4F0519}.Release|Any CPU.ActiveCfg = Release|Any CPU
		{D76FF3F0-3977-7C04-2EFF-2CEADA4F0519}.Release|Any CPU.Build.0 = Release|Any CPU
	EndGlobalSection
	GlobalSection(SolutionProperties) = preSolution
		HideSolutionNode = FALSE
	EndGlobalSection
	GlobalSection(ExtensibilityGlobals) = postSolution
		SolutionGuid = {B852110B-C8FF-4C07-91FA-AE7000A00EF7}
	EndGlobalSection
EndGlobal
